// !$*UTF8*$!
{
	archiveVersion = 1;
	classes = {
	};
	objectVersion = 50;
	objects = {

/* Begin PBXBuildFile section */
		133C2B7721878DB200FB00D2 /* NewsClient.swift in Sources */ = {isa = PBXBuildFile; fileRef = 133C2B7621878DB200FB00D2 /* NewsClient.swift */; };
		13D6311A2182469100611F8F /* AppDelegate.swift in Sources */ = {isa = PBXBuildFile; fileRef = 13D631192182469100611F8F /* AppDelegate.swift */; };
		13D6311F2182469100611F8F /* Main.storyboard in Resources */ = {isa = PBXBuildFile; fileRef = 13D6311D2182469100611F8F /* Main.storyboard */; };
		13D631212182469500611F8F /* Assets.xcassets in Resources */ = {isa = PBXBuildFile; fileRef = 13D631202182469500611F8F /* Assets.xcassets */; };
		13D631242182469500611F8F /* LaunchScreen.storyboard in Resources */ = {isa = PBXBuildFile; fileRef = 13D631222182469500611F8F /* LaunchScreen.storyboard */; };
		13D6312C2182633700611F8F /* LoginViewController.swift in Sources */ = {isa = PBXBuildFile; fileRef = 13D6312B2182633700611F8F /* LoginViewController.swift */; };
		13D631322182726B00611F8F /* Constants.swift in Sources */ = {isa = PBXBuildFile; fileRef = 13D631312182726B00611F8F /* Constants.swift */; };
		13D6313421827C5500611F8F /* GCD.swift in Sources */ = {isa = PBXBuildFile; fileRef = 13D6313321827C5500611F8F /* GCD.swift */; };
		13D6313621829ED200611F8F /* NewsTableViewController.swift in Sources */ = {isa = PBXBuildFile; fileRef = 13D6313521829ED200611F8F /* NewsTableViewController.swift */; };
		13D6313821829F7200611F8F /* SavedTableViewController.swift in Sources */ = {isa = PBXBuildFile; fileRef = 13D6313721829F7200611F8F /* SavedTableViewController.swift */; };
		13D6313A2182AD0000611F8F /* ArticleViewController.swift in Sources */ = {isa = PBXBuildFile; fileRef = 13D631392182AD0000611F8F /* ArticleViewController.swift */; };
		13D6313C2183BB9700611F8F /* SpotifyClient.swift in Sources */ = {isa = PBXBuildFile; fileRef = 13D6313B2183BB9700611F8F /* SpotifyClient.swift */; };
/* End PBXBuildFile section */

/* Begin PBXFileReference section */
		133C2B7621878DB200FB00D2 /* NewsClient.swift */ = {isa = PBXFileReference; lastKnownFileType = sourcecode.swift; path = NewsClient.swift; sourceTree = "<group>"; };
		13D631162182469100611F8F /* Newsic.app */ = {isa = PBXFileReference; explicitFileType = wrapper.application; includeInIndex = 0; path = Newsic.app; sourceTree = BUILT_PRODUCTS_DIR; };
		13D631192182469100611F8F /* AppDelegate.swift */ = {isa = PBXFileReference; lastKnownFileType = sourcecode.swift; path = AppDelegate.swift; sourceTree = "<group>"; };
		13D6311E2182469100611F8F /* Base */ = {isa = PBXFileReference; lastKnownFileType = file.storyboard; name = Base; path = Base.lproj/Main.storyboard; sourceTree = "<group>"; };
		13D631202182469500611F8F /* Assets.xcassets */ = {isa = PBXFileReference; lastKnownFileType = folder.assetcatalog; path = Assets.xcassets; sourceTree = "<group>"; };
		13D631232182469500611F8F /* Base */ = {isa = PBXFileReference; lastKnownFileType = file.storyboard; name = Base; path = Base.lproj/LaunchScreen.storyboard; sourceTree = "<group>"; };
		13D631252182469500611F8F /* Info.plist */ = {isa = PBXFileReference; lastKnownFileType = text.plist.xml; path = Info.plist; sourceTree = "<group>"; };
		13D6312B2182633700611F8F /* LoginViewController.swift */ = {isa = PBXFileReference; lastKnownFileType = sourcecode.swift; path = LoginViewController.swift; sourceTree = "<group>"; };
		13D631312182726B00611F8F /* Constants.swift */ = {isa = PBXFileReference; lastKnownFileType = sourcecode.swift; path = Constants.swift; sourceTree = "<group>"; };
		13D6313321827C5500611F8F /* GCD.swift */ = {isa = PBXFileReference; lastKnownFileType = sourcecode.swift; path = GCD.swift; sourceTree = "<group>"; };
		13D6313521829ED200611F8F /* NewsTableViewController.swift */ = {isa = PBXFileReference; lastKnownFileType = sourcecode.swift; path = NewsTableViewController.swift; sourceTree = "<group>"; };
		13D6313721829F7200611F8F /* SavedTableViewController.swift */ = {isa = PBXFileReference; lastKnownFileType = sourcecode.swift; path = SavedTableViewController.swift; sourceTree = "<group>"; };
		13D631392182AD0000611F8F /* ArticleViewController.swift */ = {isa = PBXFileReference; lastKnownFileType = sourcecode.swift; path = ArticleViewController.swift; sourceTree = "<group>"; };
		13D6313B2183BB9700611F8F /* SpotifyClient.swift */ = {isa = PBXFileReference; lastKnownFileType = sourcecode.swift; path = SpotifyClient.swift; sourceTree = "<group>"; };
/* End PBXFileReference section */

/* Begin PBXFrameworksBuildPhase section */
		13D631132182469000611F8F /* Frameworks */ = {
			isa = PBXFrameworksBuildPhase;
			buildActionMask = 2147483647;
			files = (
			);
			runOnlyForDeploymentPostprocessing = 0;
		};
/* End PBXFrameworksBuildPhase section */

/* Begin PBXGroup section */
		13D6310D2182469000611F8F = {
			isa = PBXGroup;
			children = (
				13D631182182469100611F8F /* Newsic */,
				13D631172182469100611F8F /* Products */,
			);
			sourceTree = "<group>";
		};
		13D631172182469100611F8F /* Products */ = {
			isa = PBXGroup;
			children = (
				13D631162182469100611F8F /* Newsic.app */,
			);
			name = Products;
			sourceTree = "<group>";
		};
		13D631182182469100611F8F /* Newsic */ = {
			isa = PBXGroup;
			children = (
				13D631192182469100611F8F /* AppDelegate.swift */,
				13D6313321827C5500611F8F /* GCD.swift */,
				13D63130218271B700611F8F /* Views */,
				13D6312F2182713E00611F8F /* Model */,
				13D6312E2182711E00611F8F /* Client Networks */,
				13D6312D218270F700611F8F /* ViewControllers */,
				13D6311D2182469100611F8F /* Main.storyboard */,
				13D631202182469500611F8F /* Assets.xcassets */,
				13D631222182469500611F8F /* LaunchScreen.storyboard */,
				13D631252182469500611F8F /* Info.plist */,
			);
			path = Newsic;
			sourceTree = "<group>";
		};
		13D6312D218270F700611F8F /* ViewControllers */ = {
			isa = PBXGroup;
			children = (
				13D6312B2182633700611F8F /* LoginViewController.swift */,
				13D6313521829ED200611F8F /* NewsTableViewController.swift */,
				13D6313721829F7200611F8F /* SavedTableViewController.swift */,
				13D631392182AD0000611F8F /* ArticleViewController.swift */,
			);
			path = ViewControllers;
			sourceTree = "<group>";
		};
		13D6312E2182711E00611F8F /* Client Networks */ = {
			isa = PBXGroup;
			children = (
				13D6313B2183BB9700611F8F /* SpotifyClient.swift */,
				133C2B7621878DB200FB00D2 /* NewsClient.swift */,
			);
			path = "Client Networks";
			sourceTree = "<group>";
		};
		13D6312F2182713E00611F8F /* Model */ = {
			isa = PBXGroup;
			children = (
				13D631312182726B00611F8F /* Constants.swift */,
			);
			path = Model;
			sourceTree = "<group>";
		};
		13D63130218271B700611F8F /* Views */ = {
			isa = PBXGroup;
			children = (
			);
			path = Views;
			sourceTree = "<group>";
		};
/* End PBXGroup section */

/* Begin PBXNativeTarget section */
		13D631152182469000611F8F /* Newsic */ = {
			isa = PBXNativeTarget;
			buildConfigurationList = 13D631282182469500611F8F /* Build configuration list for PBXNativeTarget "Newsic" */;
			buildPhases = (
				13D631122182469000611F8F /* Sources */,
				13D631132182469000611F8F /* Frameworks */,
				13D631142182469000611F8F /* Resources */,
			);
			buildRules = (
			);
			dependencies = (
			);
			name = Newsic;
			productName = Newsic;
			productReference = 13D631162182469100611F8F /* Newsic.app */;
			productType = "com.apple.product-type.application";
		};
/* End PBXNativeTarget section */

/* Begin PBXProject section */
		13D6310E2182469000611F8F /* Project object */ = {
			isa = PBXProject;
			attributes = {
				LastSwiftUpdateCheck = 1000;
				LastUpgradeCheck = 1000;
				ORGANIZATIONNAME = "Bryborg Inc.";
				TargetAttributes = {
					13D631152182469000611F8F = {
						CreatedOnToolsVersion = 10.0;
					};
				};
			};
			buildConfigurationList = 13D631112182469000611F8F /* Build configuration list for PBXProject "Newsic" */;
			compatibilityVersion = "Xcode 9.3";
			developmentRegion = en;
			hasScannedForEncodings = 0;
			knownRegions = (
				en,
				Base,
			);
			mainGroup = 13D6310D2182469000611F8F;
			productRefGroup = 13D631172182469100611F8F /* Products */;
			projectDirPath = "";
			projectRoot = "";
			targets = (
				13D631152182469000611F8F /* Newsic */,
			);
		};
/* End PBXProject section */

/* Begin PBXResourcesBuildPhase section */
		13D631142182469000611F8F /* Resources */ = {
			isa = PBXResourcesBuildPhase;
			buildActionMask = 2147483647;
			files = (
				13D631242182469500611F8F /* LaunchScreen.storyboard in Resources */,
				13D631212182469500611F8F /* Assets.xcassets in Resources */,
				13D6311F2182469100611F8F /* Main.storyboard in Resources */,
			);
			runOnlyForDeploymentPostprocessing = 0;
		};
/* End PBXResourcesBuildPhase section */

/* Begin PBXSourcesBuildPhase section */
		13D631122182469000611F8F /* Sources */ = {
			isa = PBXSourcesBuildPhase;
			buildActionMask = 2147483647;
			files = (
				13D6312C2182633700611F8F /* LoginViewController.swift in Sources */,
				13D6311A2182469100611F8F /* AppDelegate.swift in Sources */,
				13D6313A2182AD0000611F8F /* ArticleViewController.swift in Sources */,
				13D6313C2183BB9700611F8F /* SpotifyClient.swift in Sources */,
				13D6313421827C5500611F8F /* GCD.swift in Sources */,
				13D6313821829F7200611F8F /* SavedTableViewController.swift in Sources */,
				13D6313621829ED200611F8F /* NewsTableViewController.swift in Sources */,
				133C2B7721878DB200FB00D2 /* NewsClient.swift in Sources */,
				13D631322182726B00611F8F /* Constants.swift in Sources */,
			);
			runOnlyForDeploymentPostprocessing = 0;
		};
/* End PBXSourcesBuildPhase section */

/* Begin PBXVariantGroup section */
		13D6311D2182469100611F8F /* Main.storyboard */ = {
			isa = PBXVariantGroup;
			children = (
				13D6311E2182469100611F8F /* Base */,
			);
			name = Main.storyboard;
			sourceTree = "<group>";
		};
		13D631222182469500611F8F /* LaunchScreen.storyboard */ = {
			isa = PBXVariantGroup;
			children = (
				13D631232182469500611F8F /* Base */,
			);
			name = LaunchScreen.storyboard;
			sourceTree = "<group>";
		};
/* End PBXVariantGroup section */

/* Begin XCBuildConfiguration section */
		13D631262182469500611F8F /* Debug */ = {
			isa = XCBuildConfiguration;
			buildSettings = {
				ALWAYS_SEARCH_USER_PATHS = NO;
				CLANG_ANALYZER_NONNULL = YES;
				CLANG_ANALYZER_NUMBER_OBJECT_CONVERSION = YES_AGGRESSIVE;
				CLANG_CXX_LANGUAGE_STANDARD = "gnu++14";
				CLANG_CXX_LIBRARY = "libc++";
				CLANG_ENABLE_MODULES = YES;
				CLANG_ENABLE_OBJC_ARC = YES;
				CLANG_ENABLE_OBJC_WEAK = YES;
				CLANG_WARN_BLOCK_CAPTURE_AUTORELEASING = YES;
				CLANG_WARN_BOOL_CONVERSION = YES;
				CLANG_WARN_COMMA = YES;
				CLANG_WARN_CONSTANT_CONVERSION = YES;
				CLANG_WARN_DEPRECATED_OBJC_IMPLEMENTATIONS = YES;
				CLANG_WARN_DIRECT_OBJC_ISA_USAGE = YES_ERROR;
				CLANG_WARN_DOCUMENTATION_COMMENTS = YES;
				CLANG_WARN_EMPTY_BODY = YES;
				CLANG_WARN_ENUM_CONVERSION = YES;
				CLANG_WARN_INFINITE_RECURSION = YES;
				CLANG_WARN_INT_CONVERSION = YES;
				CLANG_WARN_NON_LITERAL_NULL_CONVERSION = YES;
				CLANG_WARN_OBJC_IMPLICIT_RETAIN_SELF = YES;
				CLANG_WARN_OBJC_LITERAL_CONVERSION = YES;
				CLANG_WARN_OBJC_ROOT_CLASS = YES_ERROR;
				CLANG_WARN_RANGE_LOOP_ANALYSIS = YES;
				CLANG_WARN_STRICT_PROTOTYPES = YES;
				CLANG_WARN_SUSPICIOUS_MOVE = YES;
				CLANG_WARN_UNGUARDED_AVAILABILITY = YES_AGGRESSIVE;
				CLANG_WARN_UNREACHABLE_CODE = YES;
				CLANG_WARN__DUPLICATE_METHOD_MATCH = YES;
				CODE_SIGN_IDENTITY = "iPhone Developer";
				COPY_PHASE_STRIP = NO;
				DEBUG_INFORMATION_FORMAT = dwarf;
				ENABLE_STRICT_OBJC_MSGSEND = YES;
				ENABLE_TESTABILITY = YES;
				GCC_C_LANGUAGE_STANDARD = gnu11;
				GCC_DYNAMIC_NO_PIC = NO;
				GCC_NO_COMMON_BLOCKS = YES;
				GCC_OPTIMIZATION_LEVEL = 0;
				GCC_PREPROCESSOR_DEFINITIONS = (
					"DEBUG=1",
					"$(inherited)",
				);
				GCC_WARN_64_TO_32_BIT_CONVERSION = YES;
				GCC_WARN_ABOUT_RETURN_TYPE = YES_ERROR;
				GCC_WARN_UNDECLARED_SELECTOR = YES;
				GCC_WARN_UNINITIALIZED_AUTOS = YES_AGGRESSIVE;
				GCC_WARN_UNUSED_FUNCTION = YES;
				GCC_WARN_UNUSED_VARIABLE = YES;
				IPHONEOS_DEPLOYMENT_TARGET = 12.0;
				MTL_ENABLE_DEBUG_INFO = INCLUDE_SOURCE;
				MTL_FAST_MATH = YES;
				ONLY_ACTIVE_ARCH = YES;
				SDKROOT = iphoneos;
				SWIFT_ACTIVE_COMPILATION_CONDITIONS = DEBUG;
				SWIFT_OPTIMIZATION_LEVEL = "-Onone";
			};
			name = Debug;
		};
		13D631272182469500611F8F /* Release */ = {
			isa = XCBuildConfiguration;
			buildSettings = {
				ALWAYS_SEARCH_USER_PATHS = NO;
				CLANG_ANALYZER_NONNULL = YES;
				CLANG_ANALYZER_NUMBER_OBJECT_CONVERSION = YES_AGGRESSIVE;
				CLANG_CXX_LANGUAGE_STANDARD = "gnu++14";
				CLANG_CXX_LIBRARY = "libc++";
				CLANG_ENABLE_MODULES = YES;
				CLANG_ENABLE_OBJC_ARC = YES;
				CLANG_ENABLE_OBJC_WEAK = YES;
				CLANG_WARN_BLOCK_CAPTURE_AUTORELEASING = YES;
				CLANG_WARN_BOOL_CONVERSION = YES;
				CLANG_WARN_COMMA = YES;
				CLANG_WARN_CONSTANT_CONVERSION = YES;
				CLANG_WARN_DEPRECATED_OBJC_IMPLEMENTATIONS = YES;
				CLANG_WARN_DIRECT_OBJC_ISA_USAGE = YES_ERROR;
				CLANG_WARN_DOCUMENTATION_COMMENTS = YES;
				CLANG_WARN_EMPTY_BODY = YES;
				CLANG_WARN_ENUM_CONVERSION = YES;
				CLANG_WARN_INFINITE_RECURSION = YES;
				CLANG_WARN_INT_CONVERSION = YES;
				CLANG_WARN_NON_LITERAL_NULL_CONVERSION = YES;
				CLANG_WARN_OBJC_IMPLICIT_RETAIN_SELF = YES;
				CLANG_WARN_OBJC_LITERAL_CONVERSION = YES;
				CLANG_WARN_OBJC_ROOT_CLASS = YES_ERROR;
				CLANG_WARN_RANGE_LOOP_ANALYSIS = YES;
				CLANG_WARN_STRICT_PROTOTYPES = YES;
				CLANG_WARN_SUSPICIOUS_MOVE = YES;
				CLANG_WARN_UNGUARDED_AVAILABILITY = YES_AGGRESSIVE;
				CLANG_WARN_UNREACHABLE_CODE = YES;
				CLANG_WARN__DUPLICATE_METHOD_MATCH = YES;
				CODE_SIGN_IDENTITY = "iPhone Developer";
				COPY_PHASE_STRIP = NO;
				DEBUG_INFORMATION_FORMAT = "dwarf-with-dsym";
				ENABLE_NS_ASSERTIONS = NO;
				ENABLE_STRICT_OBJC_MSGSEND = YES;
				GCC_C_LANGUAGE_STANDARD = gnu11;
				GCC_NO_COMMON_BLOCKS = YES;
				GCC_WARN_64_TO_32_BIT_CONVERSION = YES;
				GCC_WARN_ABOUT_RETURN_TYPE = YES_ERROR;
				GCC_WARN_UNDECLARED_SELECTOR = YES;
				GCC_WARN_UNINITIALIZED_AUTOS = YES_AGGRESSIVE;
				GCC_WARN_UNUSED_FUNCTION = YES;
				GCC_WARN_UNUSED_VARIABLE = YES;
				IPHONEOS_DEPLOYMENT_TARGET = 12.0;
				MTL_ENABLE_DEBUG_INFO = NO;
				MTL_FAST_MATH = YES;
				SDKROOT = iphoneos;
				SWIFT_COMPILATION_MODE = wholemodule;
				SWIFT_OPTIMIZATION_LEVEL = "-O";
				VALIDATE_PRODUCT = YES;
			};
			name = Release;
		};
		13D631292182469500611F8F /* Debug */ = {
			isa = XCBuildConfiguration;
			buildSettings = {
				ASSETCATALOG_COMPILER_APPICON_NAME = AppIcon;
				CODE_SIGN_STYLE = Automatic;
				DEVELOPMENT_TEAM = 9TP9G62K54;
				INFOPLIST_FILE = Newsic/Info.plist;
				LD_RUNPATH_SEARCH_PATHS = (
					"$(inherited)",
					"@executable_path/Frameworks",
				);
				PRODUCT_BUNDLE_IDENTIFIER = com.bryborg.Newsic;
				PRODUCT_NAME = "$(TARGET_NAME)";
				SWIFT_VERSION = 4.2;
				TARGETED_DEVICE_FAMILY = "1,2";
			};
			name = Debug;
		};
		13D6312A2182469500611F8F /* Release */ = {
			isa = XCBuildConfiguration;
			buildSettings = {
				ASSETCATALOG_COMPILER_APPICON_NAME = AppIcon;
				CODE_SIGN_STYLE = Automatic;
				DEVELOPMENT_TEAM = 9TP9G62K54;
				INFOPLIST_FILE = Newsic/Info.plist;
				LD_RUNPATH_SEARCH_PATHS = (
					"$(inherited)",
					"@executable_path/Frameworks",
				);
				PRODUCT_BUNDLE_IDENTIFIER = com.bryborg.Newsic;
				PRODUCT_NAME = "$(TARGET_NAME)";
				SWIFT_VERSION = 4.2;
				TARGETED_DEVICE_FAMILY = "1,2";
			};
			name = Release;
		};
/* End XCBuildConfiguration section */

/* Begin XCConfigurationList section */
		13D631112182469000611F8F /* Build configuration list for PBXProject "Newsic" */ = {
			isa = XCConfigurationList;
			buildConfigurations = (
				13D631262182469500611F8F /* Debug */,
				13D631272182469500611F8F /* Release */,
			);
			defaultConfigurationIsVisible = 0;
			defaultConfigurationName = Release;
		};
		13D631282182469500611F8F /* Build configuration list for PBXNativeTarget "Newsic" */ = {
			isa = XCConfigurationList;
			buildConfigurations = (
				13D631292182469500611F8F /* Debug */,
				13D6312A2182469500611F8F /* Release */,
			);
			defaultConfigurationIsVisible = 0;
			defaultConfigurationName = Release;
		};
/* End XCConfigurationList section */
	};
	rootObject = 13D6310E2182469000611F8F /* Project object */;
}
